// !$*UTF8*$!
{
	archiveVersion = 1;
	classes = {
	};
	objectVersion = 52;
	objects = {

/* Begin PBXBuildFile section */
		6B0DFB0C279630BA003DF5EF /* ListaViewController.swift in Sources */ = {isa = PBXBuildFile; fileRef = 6B0DFB0B279630B9003DF5EF /* ListaViewController.swift */; };
		6B0DFB0E2796310C003DF5EF /* ImagenCircular.swift in Sources */ = {isa = PBXBuildFile; fileRef = 6B0DFB0D2796310C003DF5EF /* ImagenCircular.swift */; };
		6B0DFB1027963186003DF5EF /* ListaTableViewCell.swift in Sources */ = {isa = PBXBuildFile; fileRef = 6B0DFB0F27963186003DF5EF /* ListaTableViewCell.swift */; };
		6B14FA41278EEDD0008BFF46 /* AppDelegate.swift in Sources */ = {isa = PBXBuildFile; fileRef = 6B14FA40278EEDD0008BFF46 /* AppDelegate.swift */; };
		6B14FA43278EEDD0008BFF46 /* SceneDelegate.swift in Sources */ = {isa = PBXBuildFile; fileRef = 6B14FA42278EEDD0008BFF46 /* SceneDelegate.swift */; };
		6B14FA48278EEDD0008BFF46 /* Main.storyboard in Resources */ = {isa = PBXBuildFile; fileRef = 6B14FA46278EEDD0008BFF46 /* Main.storyboard */; };
		6B14FA4A278EEDD5008BFF46 /* Assets.xcassets in Resources */ = {isa = PBXBuildFile; fileRef = 6B14FA49278EEDD5008BFF46 /* Assets.xcassets */; };
		6B14FA4D278EEDD5008BFF46 /* LaunchScreen.storyboard in Resources */ = {isa = PBXBuildFile; fileRef = 6B14FA4B278EEDD5008BFF46 /* LaunchScreen.storyboard */; };
		6B14FA792790BD2D008BFF46 /* MainProfileViewController.swift in Sources */ = {isa = PBXBuildFile; fileRef = 6B14FA782790BD2D008BFF46 /* MainProfileViewController.swift */; };
		6B14FA7B2790BD4E008BFF46 /* LoginViewController.swift in Sources */ = {isa = PBXBuildFile; fileRef = 6B14FA7A2790BD4E008BFF46 /* LoginViewController.swift */; };
		6B14FA7D2790EBD7008BFF46 /* RegisterViewController.swift in Sources */ = {isa = PBXBuildFile; fileRef = 6B14FA7C2790EBD7008BFF46 /* RegisterViewController.swift */; };
		6B3EE05C27C77F7E00B32BF2 /* PerfilAjenoCollectionViewController.swift in Sources */ = {isa = PBXBuildFile; fileRef = 6B3EE05B27C77F7E00B32BF2 /* PerfilAjenoCollectionViewController.swift */; };
		6B3EE05E27C7807100B32BF2 /* PerfilAjenoCollectionViewCell.swift in Sources */ = {isa = PBXBuildFile; fileRef = 6B3EE05D27C7807100B32BF2 /* PerfilAjenoCollectionViewCell.swift */; };
		6B3EE06027C79D5800B32BF2 /* SubirViewController.swift in Sources */ = {isa = PBXBuildFile; fileRef = 6B3EE05F27C79D5800B32BF2 /* SubirViewController.swift */; };
		6B3EE08127CE926D00B32BF2 /* MiPostViewController.swift in Sources */ = {isa = PBXBuildFile; fileRef = 6B3EE08027CE926D00B32BF2 /* MiPostViewController.swift */; };
		6B3EE0BE27CFF60A00B32BF2 /* PostAjenoViewController.swift in Sources */ = {isa = PBXBuildFile; fileRef = 6B3EE0BD27CFF60A00B32BF2 /* PostAjenoViewController.swift */; };
		6B3EE0C027CFF9F200B32BF2 /* MerchAjenoCollectionViewController.swift in Sources */ = {isa = PBXBuildFile; fileRef = 6B3EE0BF27CFF9F200B32BF2 /* MerchAjenoCollectionViewController.swift */; };
		6B3EE0C227CFFA0800B32BF2 /* MerchAjenoCollectionViewCell.swift in Sources */ = {isa = PBXBuildFile; fileRef = 6B3EE0C127CFFA0800B32BF2 /* MerchAjenoCollectionViewCell.swift */; };
		6B3EE0C427D0BB3200B32BF2 /* MiMerchCollectionViewCell.swift in Sources */ = {isa = PBXBuildFile; fileRef = 6B3EE0C327D0BB3200B32BF2 /* MiMerchCollectionViewCell.swift */; };
		6B3EE0C627D0BB4300B32BF2 /* MiMerchCollectionViewController.swift in Sources */ = {isa = PBXBuildFile; fileRef = 6B3EE0C527D0BB4300B32BF2 /* MiMerchCollectionViewController.swift */; };
		6B3EE0C927D0EB1A00B32BF2 /* Alamofire in Frameworks */ = {isa = PBXBuildFile; productRef = 6B3EE0C827D0EB1A00B32BF2 /* Alamofire */; };
		6B3EE0CC27D0EBF300B32BF2 /* AlamofireImage in Frameworks */ = {isa = PBXBuildFile; productRef = 6B3EE0CB27D0EBF300B32BF2 /* AlamofireImage */; };
		6B3EE0CF27D1128500B32BF2 /* CalendarKit in Frameworks */ = {isa = PBXBuildFile; productRef = 6B3EE0CE27D1128500B32BF2 /* CalendarKit */; };
		6B42FED8279AB69F00575242 /* UltimoTutoViewController.swift in Sources */ = {isa = PBXBuildFile; fileRef = 6B42FED7279AB69F00575242 /* UltimoTutoViewController.swift */; };
		6B42FEDA279AE22800575242 /* Desliza-hacia-abajo.gif in Resources */ = {isa = PBXBuildFile; fileRef = 6B42FED9279AE22800575242 /* Desliza-hacia-abajo.gif */; };
		6B42FEDC279AE32400575242 /* gifLoader.swift in Sources */ = {isa = PBXBuildFile; fileRef = 6B42FEDB279AE32400575242 /* gifLoader.swift */; };
		6B42FEDE279AE3D000575242 /* DeslizaViewController.swift in Sources */ = {isa = PBXBuildFile; fileRef = 6B42FEDD279AE3D000575242 /* DeslizaViewController.swift */; };
		6B5D89F427B1A2D500D71869 /* MiPerfilViewController.swift in Sources */ = {isa = PBXBuildFile; fileRef = 6B5D89F327B1A2D400D71869 /* MiPerfilViewController.swift */; };
		6B5D89F627B1B04E00D71869 /* PerfilAjenoViewController.swift in Sources */ = {isa = PBXBuildFile; fileRef = 6B5D89F527B1B04E00D71869 /* PerfilAjenoViewController.swift */; };
		6B77C9FD27BDB32A00D09B2A /* User.swift in Sources */ = {isa = PBXBuildFile; fileRef = 6B77C9FC27BDB32A00D09B2A /* User.swift */; };
		6B8ACA6727C5611000F83868 /* TabBar in Frameworks */ = {isa = PBXBuildFile; productRef = 6B8ACA6627C5611000F83868 /* TabBar */; };
		6BD4AABD27BF8E7700BD41C5 /* PostViewController.swift in Sources */ = {isa = PBXBuildFile; fileRef = 6BD4AABC27BF8E7700BD41C5 /* PostViewController.swift */; };
		6BD4AAC727C436A500BD41C5 /* MiPerfilPostCollectionViewController.swift in Sources */ = {isa = PBXBuildFile; fileRef = 6BD4AAC627C436A400BD41C5 /* MiPerfilPostCollectionViewController.swift */; };
		6BD4AAC927C4381C00BD41C5 /* MiPerfilPostCollectionViewCell.swift in Sources */ = {isa = PBXBuildFile; fileRef = 6BD4AAC827C4381C00BD41C5 /* MiPerfilPostCollectionViewCell.swift */; };
		6BDA282827BBD25100C4B2D9 /* NetWorkProvider.swift in Sources */ = {isa = PBXBuildFile; fileRef = 6BDA282727BBD25100C4B2D9 /* NetWorkProvider.swift */; };
		6BE315EC279729D1007D4A37 /* CamaraViewController.swift in Sources */ = {isa = PBXBuildFile; fileRef = 6BE315EB279729D1007D4A37 /* CamaraViewController.swift */; };
		6BE315EE27974E92007D4A37 /* TutorialInicialViewController.swift in Sources */ = {isa = PBXBuildFile; fileRef = 6BE315ED27974E92007D4A37 /* TutorialInicialViewController.swift */; };
/* End PBXBuildFile section */

/* Begin PBXFileReference section */
		6B0DFB0B279630B9003DF5EF /* ListaViewController.swift */ = {isa = PBXFileReference; lastKnownFileType = sourcecode.swift; path = ListaViewController.swift; sourceTree = "<group>"; };
		6B0DFB0D2796310C003DF5EF /* ImagenCircular.swift */ = {isa = PBXFileReference; lastKnownFileType = sourcecode.swift; path = ImagenCircular.swift; sourceTree = "<group>"; };
		6B0DFB0F27963186003DF5EF /* ListaTableViewCell.swift */ = {isa = PBXFileReference; lastKnownFileType = sourcecode.swift; path = ListaTableViewCell.swift; sourceTree = "<group>"; };
		6B14FA3D278EEDD0008BFF46 /* inkme_beta.app */ = {isa = PBXFileReference; explicitFileType = wrapper.application; includeInIndex = 0; path = inkme_beta.app; sourceTree = BUILT_PRODUCTS_DIR; };
		6B14FA40278EEDD0008BFF46 /* AppDelegate.swift */ = {isa = PBXFileReference; lastKnownFileType = sourcecode.swift; path = AppDelegate.swift; sourceTree = "<group>"; };
		6B14FA42278EEDD0008BFF46 /* SceneDelegate.swift */ = {isa = PBXFileReference; lastKnownFileType = sourcecode.swift; path = SceneDelegate.swift; sourceTree = "<group>"; };
		6B14FA47278EEDD0008BFF46 /* Base */ = {isa = PBXFileReference; lastKnownFileType = file.storyboard; name = Base; path = Base.lproj/Main.storyboard; sourceTree = "<group>"; };
		6B14FA49278EEDD5008BFF46 /* Assets.xcassets */ = {isa = PBXFileReference; lastKnownFileType = folder.assetcatalog; path = Assets.xcassets; sourceTree = "<group>"; };
		6B14FA4C278EEDD5008BFF46 /* Base */ = {isa = PBXFileReference; lastKnownFileType = file.storyboard; name = Base; path = Base.lproj/LaunchScreen.storyboard; sourceTree = "<group>"; };
		6B14FA4E278EEDD5008BFF46 /* Info.plist */ = {isa = PBXFileReference; lastKnownFileType = text.plist.xml; path = Info.plist; sourceTree = "<group>"; };
		6B14FA782790BD2D008BFF46 /* MainProfileViewController.swift */ = {isa = PBXFileReference; lastKnownFileType = sourcecode.swift; path = MainProfileViewController.swift; sourceTree = "<group>"; };
		6B14FA7A2790BD4E008BFF46 /* LoginViewController.swift */ = {isa = PBXFileReference; lastKnownFileType = sourcecode.swift; path = LoginViewController.swift; sourceTree = "<group>"; };
		6B14FA7C2790EBD7008BFF46 /* RegisterViewController.swift */ = {isa = PBXFileReference; lastKnownFileType = sourcecode.swift; path = RegisterViewController.swift; sourceTree = "<group>"; };
		6B3EE05B27C77F7E00B32BF2 /* PerfilAjenoCollectionViewController.swift */ = {isa = PBXFileReference; lastKnownFileType = sourcecode.swift; path = PerfilAjenoCollectionViewController.swift; sourceTree = "<group>"; };
		6B3EE05D27C7807100B32BF2 /* PerfilAjenoCollectionViewCell.swift */ = {isa = PBXFileReference; lastKnownFileType = sourcecode.swift; path = PerfilAjenoCollectionViewCell.swift; sourceTree = "<group>"; };
		6B3EE05F27C79D5800B32BF2 /* SubirViewController.swift */ = {isa = PBXFileReference; lastKnownFileType = sourcecode.swift; path = SubirViewController.swift; sourceTree = "<group>"; };
		6B3EE08027CE926D00B32BF2 /* MiPostViewController.swift */ = {isa = PBXFileReference; lastKnownFileType = sourcecode.swift; path = MiPostViewController.swift; sourceTree = "<group>"; };
		6B3EE0BD27CFF60A00B32BF2 /* PostAjenoViewController.swift */ = {isa = PBXFileReference; lastKnownFileType = sourcecode.swift; path = PostAjenoViewController.swift; sourceTree = "<group>"; };
		6B3EE0BF27CFF9F200B32BF2 /* MerchAjenoCollectionViewController.swift */ = {isa = PBXFileReference; lastKnownFileType = sourcecode.swift; path = MerchAjenoCollectionViewController.swift; sourceTree = "<group>"; };
		6B3EE0C127CFFA0800B32BF2 /* MerchAjenoCollectionViewCell.swift */ = {isa = PBXFileReference; lastKnownFileType = sourcecode.swift; path = MerchAjenoCollectionViewCell.swift; sourceTree = "<group>"; };
		6B3EE0C327D0BB3200B32BF2 /* MiMerchCollectionViewCell.swift */ = {isa = PBXFileReference; lastKnownFileType = sourcecode.swift; path = MiMerchCollectionViewCell.swift; sourceTree = "<group>"; };
		6B3EE0C527D0BB4300B32BF2 /* MiMerchCollectionViewController.swift */ = {isa = PBXFileReference; lastKnownFileType = sourcecode.swift; path = MiMerchCollectionViewController.swift; sourceTree = "<group>"; };
		6B42FED7279AB69F00575242 /* UltimoTutoViewController.swift */ = {isa = PBXFileReference; lastKnownFileType = sourcecode.swift; path = UltimoTutoViewController.swift; sourceTree = "<group>"; };
		6B42FED9279AE22800575242 /* Desliza-hacia-abajo.gif */ = {isa = PBXFileReference; lastKnownFileType = image.gif; path = "Desliza-hacia-abajo.gif"; sourceTree = "<group>"; };
		6B42FEDB279AE32400575242 /* gifLoader.swift */ = {isa = PBXFileReference; lastKnownFileType = sourcecode.swift; path = gifLoader.swift; sourceTree = "<group>"; };
		6B42FEDD279AE3D000575242 /* DeslizaViewController.swift */ = {isa = PBXFileReference; lastKnownFileType = sourcecode.swift; path = DeslizaViewController.swift; sourceTree = "<group>"; };
		6B5D89F327B1A2D400D71869 /* MiPerfilViewController.swift */ = {isa = PBXFileReference; lastKnownFileType = sourcecode.swift; path = MiPerfilViewController.swift; sourceTree = "<group>"; };
		6B5D89F527B1B04E00D71869 /* PerfilAjenoViewController.swift */ = {isa = PBXFileReference; lastKnownFileType = sourcecode.swift; path = PerfilAjenoViewController.swift; sourceTree = "<group>"; };
		6B77C9FC27BDB32A00D09B2A /* User.swift */ = {isa = PBXFileReference; lastKnownFileType = sourcecode.swift; path = User.swift; sourceTree = "<group>"; };
		6BD4AABC27BF8E7700BD41C5 /* PostViewController.swift */ = {isa = PBXFileReference; lastKnownFileType = sourcecode.swift; path = PostViewController.swift; sourceTree = "<group>"; };
		6BD4AAC627C436A400BD41C5 /* MiPerfilPostCollectionViewController.swift */ = {isa = PBXFileReference; lastKnownFileType = sourcecode.swift; path = MiPerfilPostCollectionViewController.swift; sourceTree = "<group>"; };
		6BD4AAC827C4381C00BD41C5 /* MiPerfilPostCollectionViewCell.swift */ = {isa = PBXFileReference; lastKnownFileType = sourcecode.swift; path = MiPerfilPostCollectionViewCell.swift; sourceTree = "<group>"; };
		6BDA282727BBD25100C4B2D9 /* NetWorkProvider.swift */ = {isa = PBXFileReference; lastKnownFileType = sourcecode.swift; path = NetWorkProvider.swift; sourceTree = "<group>"; };
		6BE315EB279729D1007D4A37 /* CamaraViewController.swift */ = {isa = PBXFileReference; lastKnownFileType = sourcecode.swift; path = CamaraViewController.swift; sourceTree = "<group>"; };
		6BE315ED27974E92007D4A37 /* TutorialInicialViewController.swift */ = {isa = PBXFileReference; lastKnownFileType = sourcecode.swift; path = TutorialInicialViewController.swift; sourceTree = "<group>"; };
/* End PBXFileReference section */

/* Begin PBXFrameworksBuildPhase section */
		6B14FA3A278EEDD0008BFF46 /* Frameworks */ = {
			isa = PBXFrameworksBuildPhase;
			buildActionMask = 2147483647;
			files = (
				6B8ACA6727C5611000F83868 /* TabBar in Frameworks */,
				6B3EE0CF27D1128500B32BF2 /* CalendarKit in Frameworks */,
				6B3EE0C927D0EB1A00B32BF2 /* Alamofire in Frameworks */,
				6B3EE0CC27D0EBF300B32BF2 /* AlamofireImage in Frameworks */,
			);
			runOnlyForDeploymentPostprocessing = 0;
		};
/* End PBXFrameworksBuildPhase section */

/* Begin PBXGroup section */
		6B14FA34278EEDD0008BFF46 = {
			isa = PBXGroup;
			children = (
				6B14FA3F278EEDD0008BFF46 /* inkme_beta */,
				6B14FA3E278EEDD0008BFF46 /* Products */,
			);
			sourceTree = "<group>";
		};
		6B14FA3E278EEDD0008BFF46 /* Products */ = {
			isa = PBXGroup;
			children = (
				6B14FA3D278EEDD0008BFF46 /* inkme_beta.app */,
			);
			name = Products;
			sourceTree = "<group>";
		};
		6B14FA3F278EEDD0008BFF46 /* inkme_beta */ = {
			isa = PBXGroup;
			children = (
				6B3EE0D627D50EB900B32BF2 /* Register */,
				6B3EE0D527D50E4700B32BF2 /* Login */,
				6B3EE0D427D50E2900B32BF2 /* Camara */,
				6B3EE0D327D50CB900B32BF2 /* Tutoriales */,
				6B3EE0D227D50C5C00B32BF2 /* Perfil Ajeno */,
				6B3EE0D127D50C5100B32BF2 /* Mi Perfil */,
				6B3EE0D027D50C3E00B32BF2 /* Lista */,
				6B14FA40278EEDD0008BFF46 /* AppDelegate.swift */,
				6B14FA42278EEDD0008BFF46 /* SceneDelegate.swift */,
				6B42FED9279AE22800575242 /* Desliza-hacia-abajo.gif */,
				6B14FA46278EEDD0008BFF46 /* Main.storyboard */,
				6B14FA49278EEDD5008BFF46 /* Assets.xcassets */,
				6B14FA4B278EEDD5008BFF46 /* LaunchScreen.storyboard */,
				6B14FA4E278EEDD5008BFF46 /* Info.plist */,
			);
			path = inkme_beta;
			sourceTree = "<group>";
		};
		6B3EE0D027D50C3E00B32BF2 /* Lista */ = {
			isa = PBXGroup;
			children = (
				6B0DFB0D2796310C003DF5EF /* ImagenCircular.swift */,
				6BDA282727BBD25100C4B2D9 /* NetWorkProvider.swift */,
				6B77C9FC27BDB32A00D09B2A /* User.swift */,
				6B0DFB0B279630B9003DF5EF /* ListaViewController.swift */,
				6B0DFB0F27963186003DF5EF /* ListaTableViewCell.swift */,
			);
			path = Lista;
			sourceTree = "<group>";
		};
		6B3EE0D127D50C5100B32BF2 /* Mi Perfil */ = {
			isa = PBXGroup;
			children = (
				6B5D89F327B1A2D400D71869 /* MiPerfilViewController.swift */,
				6BD4AAC627C436A400BD41C5 /* MiPerfilPostCollectionViewController.swift */,
				6BD4AAC827C4381C00BD41C5 /* MiPerfilPostCollectionViewCell.swift */,
				6B3EE08027CE926D00B32BF2 /* MiPostViewController.swift */,
				6B3EE0C327D0BB3200B32BF2 /* MiMerchCollectionViewCell.swift */,
				6B3EE0C527D0BB4300B32BF2 /* MiMerchCollectionViewController.swift */,
				6B3EE05F27C79D5800B32BF2 /* SubirViewController.swift */,
			);
			path = "Mi Perfil";
			sourceTree = "<group>";
		};
		6B3EE0D227D50C5C00B32BF2 /* Perfil Ajeno */ = {
			isa = PBXGroup;
			children = (
				6B5D89F527B1B04E00D71869 /* PerfilAjenoViewController.swift */,
				6BD4AABC27BF8E7700BD41C5 /* PostViewController.swift */,
				6B3EE05B27C77F7E00B32BF2 /* PerfilAjenoCollectionViewController.swift */,
				6B3EE05D27C7807100B32BF2 /* PerfilAjenoCollectionViewCell.swift */,
				6B3EE0BD27CFF60A00B32BF2 /* PostAjenoViewController.swift */,
				6B3EE0BF27CFF9F200B32BF2 /* MerchAjenoCollectionViewController.swift */,
				6B3EE0C127CFFA0800B32BF2 /* MerchAjenoCollectionViewCell.swift */,
				6B14FA782790BD2D008BFF46 /* MainProfileViewController.swift */,
			);
			path = "Perfil Ajeno";
			sourceTree = "<group>";
		};
		6B3EE0D327D50CB900B32BF2 /* Tutoriales */ = {
			isa = PBXGroup;
			children = (
				6BE315ED27974E92007D4A37 /* TutorialInicialViewController.swift */,
				6B42FED7279AB69F00575242 /* UltimoTutoViewController.swift */,
				6B42FEDB279AE32400575242 /* gifLoader.swift */,
				6B42FEDD279AE3D000575242 /* DeslizaViewController.swift */,
			);
			path = Tutoriales;
			sourceTree = "<group>";
		};
		6B3EE0D427D50E2900B32BF2 /* Camara */ = {
			isa = PBXGroup;
			children = (
				6BE315EB279729D1007D4A37 /* CamaraViewController.swift */,
			);
			path = Camara;
			sourceTree = "<group>";
		};
		6B3EE0D527D50E4700B32BF2 /* Login */ = {
			isa = PBXGroup;
			children = (
				6B14FA7A2790BD4E008BFF46 /* LoginViewController.swift */,
			);
			path = Login;
			sourceTree = "<group>";
		};
		6B3EE0D627D50EB900B32BF2 /* Register */ = {
			isa = PBXGroup;
			children = (
				6B14FA7C2790EBD7008BFF46 /* RegisterViewController.swift */,
			);
			path = Register;
			sourceTree = "<group>";
		};
/* End PBXGroup section */

/* Begin PBXNativeTarget section */
		6B14FA3C278EEDD0008BFF46 /* inkme_beta */ = {
			isa = PBXNativeTarget;
			buildConfigurationList = 6B14FA51278EEDD5008BFF46 /* Build configuration list for PBXNativeTarget "inkme_beta" */;
			buildPhases = (
				6B14FA39278EEDD0008BFF46 /* Sources */,
				6B14FA3A278EEDD0008BFF46 /* Frameworks */,
				6B14FA3B278EEDD0008BFF46 /* Resources */,
			);
			buildRules = (
			);
			dependencies = (
			);
			name = inkme_beta;
			packageProductDependencies = (
				6B8ACA6627C5611000F83868 /* TabBar */,
				6B3EE0C827D0EB1A00B32BF2 /* Alamofire */,
				6B3EE0CB27D0EBF300B32BF2 /* AlamofireImage */,
				6B3EE0CE27D1128500B32BF2 /* CalendarKit */,
			);
			productName = inkme_beta;
			productReference = 6B14FA3D278EEDD0008BFF46 /* inkme_beta.app */;
			productType = "com.apple.product-type.application";
		};
/* End PBXNativeTarget section */

/* Begin PBXProject section */
		6B14FA35278EEDD0008BFF46 /* Project object */ = {
			isa = PBXProject;
			attributes = {
				LastSwiftUpdateCheck = 1250;
				LastUpgradeCheck = 1250;
				TargetAttributes = {
					6B14FA3C278EEDD0008BFF46 = {
						CreatedOnToolsVersion = 12.5;
					};
				};
			};
			buildConfigurationList = 6B14FA38278EEDD0008BFF46 /* Build configuration list for PBXProject "inkme_beta" */;
			compatibilityVersion = "Xcode 9.3";
			developmentRegion = en;
			hasScannedForEncodings = 0;
			knownRegions = (
				en,
				Base,
			);
			mainGroup = 6B14FA34278EEDD0008BFF46;
			packageReferences = (
				6B8ACA6527C5610F00F83868 /* XCRemoteSwiftPackageReference "TabBar" */,
				6B3EE0C727D0EB1A00B32BF2 /* XCRemoteSwiftPackageReference "Alamofire" */,
				6B3EE0CA27D0EBF200B32BF2 /* XCRemoteSwiftPackageReference "AlamofireImage" */,
				6B3EE0CD27D1128500B32BF2 /* XCRemoteSwiftPackageReference "CalendarKit" */,
			);
			productRefGroup = 6B14FA3E278EEDD0008BFF46 /* Products */;
			projectDirPath = "";
			projectRoot = "";
			targets = (
				6B14FA3C278EEDD0008BFF46 /* inkme_beta */,
			);
		};
/* End PBXProject section */

/* Begin PBXResourcesBuildPhase section */
		6B14FA3B278EEDD0008BFF46 /* Resources */ = {
			isa = PBXResourcesBuildPhase;
			buildActionMask = 2147483647;
			files = (
				6B42FEDA279AE22800575242 /* Desliza-hacia-abajo.gif in Resources */,
				6B14FA4D278EEDD5008BFF46 /* LaunchScreen.storyboard in Resources */,
				6B14FA4A278EEDD5008BFF46 /* Assets.xcassets in Resources */,
				6B14FA48278EEDD0008BFF46 /* Main.storyboard in Resources */,
			);
			runOnlyForDeploymentPostprocessing = 0;
		};
/* End PBXResourcesBuildPhase section */

/* Begin PBXSourcesBuildPhase section */
		6B14FA39278EEDD0008BFF46 /* Sources */ = {
			isa = PBXSourcesBuildPhase;
			buildActionMask = 2147483647;
			files = (
				6B5D89F427B1A2D500D71869 /* MiPerfilViewController.swift in Sources */,
				6BE315EE27974E92007D4A37 /* TutorialInicialViewController.swift in Sources */,
				6B0DFB1027963186003DF5EF /* ListaTableViewCell.swift in Sources */,
				6B42FEDE279AE3D000575242 /* DeslizaViewController.swift in Sources */,
				6B14FA41278EEDD0008BFF46 /* AppDelegate.swift in Sources */,
				6B3EE0BE27CFF60A00B32BF2 /* PostAjenoViewController.swift in Sources */,
				6B14FA43278EEDD0008BFF46 /* SceneDelegate.swift in Sources */,
				6B14FA7D2790EBD7008BFF46 /* RegisterViewController.swift in Sources */,
				6B77C9FD27BDB32A00D09B2A /* User.swift in Sources */,
				6BD4AABD27BF8E7700BD41C5 /* PostViewController.swift in Sources */,
				6B5D89F627B1B04E00D71869 /* PerfilAjenoViewController.swift in Sources */,
				6BE315EC279729D1007D4A37 /* CamaraViewController.swift in Sources */,
				6B14FA7B2790BD4E008BFF46 /* LoginViewController.swift in Sources */,
				6B3EE05E27C7807100B32BF2 /* PerfilAjenoCollectionViewCell.swift in Sources */,
				6BDA282827BBD25100C4B2D9 /* NetWorkProvider.swift in Sources */,
				6B3EE0C627D0BB4300B32BF2 /* MiMerchCollectionViewController.swift in Sources */,
				6B3EE05C27C77F7E00B32BF2 /* PerfilAjenoCollectionViewController.swift in Sources */,
				6BD4AAC927C4381C00BD41C5 /* MiPerfilPostCollectionViewCell.swift in Sources */,
				6B42FEDC279AE32400575242 /* gifLoader.swift in Sources */,
				6B3EE06027C79D5800B32BF2 /* SubirViewController.swift in Sources */,
				6B0DFB0E2796310C003DF5EF /* ImagenCircular.swift in Sources */,
				6B3EE08127CE926D00B32BF2 /* MiPostViewController.swift in Sources */,
				6B3EE0C427D0BB3200B32BF2 /* MiMerchCollectionViewCell.swift in Sources */,
				6B0DFB0C279630BA003DF5EF /* ListaViewController.swift in Sources */,
				6B42FED8279AB69F00575242 /* UltimoTutoViewController.swift in Sources */,
				6B14FA792790BD2D008BFF46 /* MainProfileViewController.swift in Sources */,
				6BD4AAC727C436A500BD41C5 /* MiPerfilPostCollectionViewController.swift in Sources */,
				6B3EE0C027CFF9F200B32BF2 /* MerchAjenoCollectionViewController.swift in Sources */,
				6B3EE0C227CFFA0800B32BF2 /* MerchAjenoCollectionViewCell.swift in Sources */,
			);
			runOnlyForDeploymentPostprocessing = 0;
		};
/* End PBXSourcesBuildPhase section */

/* Begin PBXVariantGroup section */
		6B14FA46278EEDD0008BFF46 /* Main.storyboard */ = {
			isa = PBXVariantGroup;
			children = (
				6B14FA47278EEDD0008BFF46 /* Base */,
			);
			name = Main.storyboard;
			sourceTree = "<group>";
		};
		6B14FA4B278EEDD5008BFF46 /* LaunchScreen.storyboard */ = {
			isa = PBXVariantGroup;
			children = (
				6B14FA4C278EEDD5008BFF46 /* Base */,
			);
			name = LaunchScreen.storyboard;
			sourceTree = "<group>";
		};
/* End PBXVariantGroup section */

/* Begin XCBuildConfiguration section */
		6B14FA4F278EEDD5008BFF46 /* Debug */ = {
			isa = XCBuildConfiguration;
			buildSettings = {
				ALWAYS_SEARCH_USER_PATHS = NO;
				CLANG_ANALYZER_NONNULL = YES;
				CLANG_ANALYZER_NUMBER_OBJECT_CONVERSION = YES_AGGRESSIVE;
				CLANG_CXX_LANGUAGE_STANDARD = "gnu++14";
				CLANG_CXX_LIBRARY = "libc++";
				CLANG_ENABLE_MODULES = YES;
				CLANG_ENABLE_OBJC_ARC = YES;
				CLANG_ENABLE_OBJC_WEAK = YES;
				CLANG_WARN_BLOCK_CAPTURE_AUTORELEASING = YES;
				CLANG_WARN_BOOL_CONVERSION = YES;
				CLANG_WARN_COMMA = YES;
				CLANG_WARN_CONSTANT_CONVERSION = YES;
				CLANG_WARN_DEPRECATED_OBJC_IMPLEMENTATIONS = YES;
				CLANG_WARN_DIRECT_OBJC_ISA_USAGE = YES_ERROR;
				CLANG_WARN_DOCUMENTATION_COMMENTS = YES;
				CLANG_WARN_EMPTY_BODY = YES;
				CLANG_WARN_ENUM_CONVERSION = YES;
				CLANG_WARN_INFINITE_RECURSION = YES;
				CLANG_WARN_INT_CONVERSION = YES;
				CLANG_WARN_NON_LITERAL_NULL_CONVERSION = YES;
				CLANG_WARN_OBJC_IMPLICIT_RETAIN_SELF = YES;
				CLANG_WARN_OBJC_LITERAL_CONVERSION = YES;
				CLANG_WARN_OBJC_ROOT_CLASS = YES_ERROR;
				CLANG_WARN_QUOTED_INCLUDE_IN_FRAMEWORK_HEADER = YES;
				CLANG_WARN_RANGE_LOOP_ANALYSIS = YES;
				CLANG_WARN_STRICT_PROTOTYPES = YES;
				CLANG_WARN_SUSPICIOUS_MOVE = YES;
				CLANG_WARN_UNGUARDED_AVAILABILITY = YES_AGGRESSIVE;
				CLANG_WARN_UNREACHABLE_CODE = YES;
				CLANG_WARN__DUPLICATE_METHOD_MATCH = YES;
				COPY_PHASE_STRIP = NO;
				DEBUG_INFORMATION_FORMAT = dwarf;
				ENABLE_STRICT_OBJC_MSGSEND = YES;
				ENABLE_TESTABILITY = YES;
				GCC_C_LANGUAGE_STANDARD = gnu11;
				GCC_DYNAMIC_NO_PIC = NO;
				GCC_NO_COMMON_BLOCKS = YES;
				GCC_OPTIMIZATION_LEVEL = 0;
				GCC_PREPROCESSOR_DEFINITIONS = (
					"DEBUG=1",
					"$(inherited)",
				);
				GCC_WARN_64_TO_32_BIT_CONVERSION = YES;
				GCC_WARN_ABOUT_RETURN_TYPE = YES_ERROR;
				GCC_WARN_UNDECLARED_SELECTOR = YES;
				GCC_WARN_UNINITIALIZED_AUTOS = YES_AGGRESSIVE;
				GCC_WARN_UNUSED_FUNCTION = YES;
				GCC_WARN_UNUSED_VARIABLE = YES;
				IPHONEOS_DEPLOYMENT_TARGET = 14.5;
				MTL_ENABLE_DEBUG_INFO = INCLUDE_SOURCE;
				MTL_FAST_MATH = YES;
				ONLY_ACTIVE_ARCH = YES;
				SDKROOT = iphoneos;
				SWIFT_ACTIVE_COMPILATION_CONDITIONS = DEBUG;
				SWIFT_OPTIMIZATION_LEVEL = "-Onone";
			};
			name = Debug;
		};
		6B14FA50278EEDD5008BFF46 /* Release */ = {
			isa = XCBuildConfiguration;
			buildSettings = {
				ALWAYS_SEARCH_USER_PATHS = NO;
				CLANG_ANALYZER_NONNULL = YES;
				CLANG_ANALYZER_NUMBER_OBJECT_CONVERSION = YES_AGGRESSIVE;
				CLANG_CXX_LANGUAGE_STANDARD = "gnu++14";
				CLANG_CXX_LIBRARY = "libc++";
				CLANG_ENABLE_MODULES = YES;
				CLANG_ENABLE_OBJC_ARC = YES;
				CLANG_ENABLE_OBJC_WEAK = YES;
				CLANG_WARN_BLOCK_CAPTURE_AUTORELEASING = YES;
				CLANG_WARN_BOOL_CONVERSION = YES;
				CLANG_WARN_COMMA = YES;
				CLANG_WARN_CONSTANT_CONVERSION = YES;
				CLANG_WARN_DEPRECATED_OBJC_IMPLEMENTATIONS = YES;
				CLANG_WARN_DIRECT_OBJC_ISA_USAGE = YES_ERROR;
				CLANG_WARN_DOCUMENTATION_COMMENTS = YES;
				CLANG_WARN_EMPTY_BODY = YES;
				CLANG_WARN_ENUM_CONVERSION = YES;
				CLANG_WARN_INFINITE_RECURSION = YES;
				CLANG_WARN_INT_CONVERSION = YES;
				CLANG_WARN_NON_LITERAL_NULL_CONVERSION = YES;
				CLANG_WARN_OBJC_IMPLICIT_RETAIN_SELF = YES;
				CLANG_WARN_OBJC_LITERAL_CONVERSION = YES;
				CLANG_WARN_OBJC_ROOT_CLASS = YES_ERROR;
				CLANG_WARN_QUOTED_INCLUDE_IN_FRAMEWORK_HEADER = YES;
				CLANG_WARN_RANGE_LOOP_ANALYSIS = YES;
				CLANG_WARN_STRICT_PROTOTYPES = YES;
				CLANG_WARN_SUSPICIOUS_MOVE = YES;
				CLANG_WARN_UNGUARDED_AVAILABILITY = YES_AGGRESSIVE;
				CLANG_WARN_UNREACHABLE_CODE = YES;
				CLANG_WARN__DUPLICATE_METHOD_MATCH = YES;
				COPY_PHASE_STRIP = NO;
				DEBUG_INFORMATION_FORMAT = "dwarf-with-dsym";
				ENABLE_NS_ASSERTIONS = NO;
				ENABLE_STRICT_OBJC_MSGSEND = YES;
				GCC_C_LANGUAGE_STANDARD = gnu11;
				GCC_NO_COMMON_BLOCKS = YES;
				GCC_WARN_64_TO_32_BIT_CONVERSION = YES;
				GCC_WARN_ABOUT_RETURN_TYPE = YES_ERROR;
				GCC_WARN_UNDECLARED_SELECTOR = YES;
				GCC_WARN_UNINITIALIZED_AUTOS = YES_AGGRESSIVE;
				GCC_WARN_UNUSED_FUNCTION = YES;
				GCC_WARN_UNUSED_VARIABLE = YES;
				IPHONEOS_DEPLOYMENT_TARGET = 14.5;
				MTL_ENABLE_DEBUG_INFO = NO;
				MTL_FAST_MATH = YES;
				SDKROOT = iphoneos;
				SWIFT_COMPILATION_MODE = wholemodule;
				SWIFT_OPTIMIZATION_LEVEL = "-O";
				VALIDATE_PRODUCT = YES;
			};
			name = Release;
		};
		6B14FA52278EEDD5008BFF46 /* Debug */ = {
			isa = XCBuildConfiguration;
			buildSettings = {
				ASSETCATALOG_COMPILER_APPICON_NAME = AppIcon;
				ASSETCATALOG_COMPILER_GLOBAL_ACCENT_COLOR_NAME = AccentColor;
				CODE_SIGN_STYLE = Automatic;
				DEVELOPMENT_TEAM = NBDCQ76D6V;
				INFOPLIST_FILE = inkme_beta/Info.plist;
				LD_RUNPATH_SEARCH_PATHS = (
					"$(inherited)",
					"@executable_path/Frameworks",
				);
				PRODUCT_BUNDLE_IDENTIFIER = "Kasito.inkme-beta";
				PRODUCT_NAME = "$(TARGET_NAME)";
				SWIFT_VERSION = 5.0;
				TARGETED_DEVICE_FAMILY = "1,2";
			};
			name = Debug;
		};
		6B14FA53278EEDD5008BFF46 /* Release */ = {
			isa = XCBuildConfiguration;
			buildSettings = {
				ASSETCATALOG_COMPILER_APPICON_NAME = AppIcon;
				ASSETCATALOG_COMPILER_GLOBAL_ACCENT_COLOR_NAME = AccentColor;
				CODE_SIGN_STYLE = Automatic;
				DEVELOPMENT_TEAM = NBDCQ76D6V;
				INFOPLIST_FILE = inkme_beta/Info.plist;
				LD_RUNPATH_SEARCH_PATHS = (
					"$(inherited)",
					"@executable_path/Frameworks",
				);
				PRODUCT_BUNDLE_IDENTIFIER = "Kasito.inkme-beta";
				PRODUCT_NAME = "$(TARGET_NAME)";
				SWIFT_VERSION = 5.0;
				TARGETED_DEVICE_FAMILY = "1,2";
			};
			name = Release;
		};
/* End XCBuildConfiguration section */

/* Begin XCConfigurationList section */
		6B14FA38278EEDD0008BFF46 /* Build configuration list for PBXProject "inkme_beta" */ = {
			isa = XCConfigurationList;
			buildConfigurations = (
				6B14FA4F278EEDD5008BFF46 /* Debug */,
				6B14FA50278EEDD5008BFF46 /* Release */,
			);
			defaultConfigurationIsVisible = 0;
			defaultConfigurationName = Release;
		};
		6B14FA51278EEDD5008BFF46 /* Build configuration list for PBXNativeTarget "inkme_beta" */ = {
			isa = XCConfigurationList;
			buildConfigurations = (
				6B14FA52278EEDD5008BFF46 /* Debug */,
				6B14FA53278EEDD5008BFF46 /* Release */,
			);
			defaultConfigurationIsVisible = 0;
			defaultConfigurationName = Release;
		};
/* End XCConfigurationList section */

/* Begin XCRemoteSwiftPackageReference section */
		6B3EE0C727D0EB1A00B32BF2 /* XCRemoteSwiftPackageReference "Alamofire" */ = {
			isa = XCRemoteSwiftPackageReference;
			repositoryURL = "https://github.com/Alamofire/Alamofire.git";
			requirement = {
				kind = upToNextMajorVersion;
				minimumVersion = 5.0.0;
			};
		};
		6B3EE0CA27D0EBF200B32BF2 /* XCRemoteSwiftPackageReference "AlamofireImage" */ = {
			isa = XCRemoteSwiftPackageReference;
			repositoryURL = "https://github.com/Alamofire/AlamofireImage.git";
			requirement = {
				kind = upToNextMajorVersion;
				minimumVersion = 4.2.0;
			};
		};
		6B3EE0CD27D1128500B32BF2 /* XCRemoteSwiftPackageReference "CalendarKit" */ = {
			isa = XCRemoteSwiftPackageReference;
			repositoryURL = "https://github.com/richardtop/CalendarKit.git";
			requirement = {
				kind = upToNextMajorVersion;
				minimumVersion = 1.1.2;
			};
		};
		6B8ACA6527C5610F00F83868 /* XCRemoteSwiftPackageReference "TabBar" */ = {
			isa = XCRemoteSwiftPackageReference;
			repositoryURL = "https://github.com/onl1ner/TabBar.git";
			requirement = {
				kind = upToNextMajorVersion;
				minimumVersion = 1.0.0;
			};
		};
/* End XCRemoteSwiftPackageReference section */

/* Begin XCSwiftPackageProductDependency section */
		6B3EE0C827D0EB1A00B32BF2 /* Alamofire */ = {
			isa = XCSwiftPackageProductDependency;
			package = 6B3EE0C727D0EB1A00B32BF2 /* XCRemoteSwiftPackageReference "Alamofire" */;
			productName = Alamofire;
		};
		6B3EE0CB27D0EBF300B32BF2 /* AlamofireImage */ = {
			isa = XCSwiftPackageProductDependency;
			package = 6B3EE0CA27D0EBF200B32BF2 /* XCRemoteSwiftPackageReference "AlamofireImage" */;
			productName = AlamofireImage;
		};
		6B3EE0CE27D1128500B32BF2 /* CalendarKit */ = {
			isa = XCSwiftPackageProductDependency;
			package = 6B3EE0CD27D1128500B32BF2 /* XCRemoteSwiftPackageReference "CalendarKit" */;
			productName = CalendarKit;
		};
		6B8ACA6627C5611000F83868 /* TabBar */ = {
			isa = XCSwiftPackageProductDependency;
			package = 6B8ACA6527C5610F00F83868 /* XCRemoteSwiftPackageReference "TabBar" */;
			productName = TabBar;
		};
/* End XCSwiftPackageProductDependency section */
	};
	rootObject = 6B14FA35278EEDD0008BFF46 /* Project object */;
}
